
Microsoft Visual Studio Solution File, Format Version 12.00
# Visual Studio Version 17
VisualStudioVersion = 17.6.33712.159
MinimumVisualStudioVersion = 10.0.40219.1
Project("{9A19103F-16F7-4668-BE54-9A1E7A4F7556}") = "Integral2uMoneyContracts", "Integral2uMoneyContracts\Integral2uMoneyContracts.csproj", "{5886187A-414B-4E9C-B931-9E340F847ACE}"
EndProject
Project("{9A19103F-16F7-4668-BE54-9A1E7A4F7556}") = "Integrap2uMoneyExamples", "Integrap2uMoneyExamples\Integrap2uMoneyExamples.csproj", "{1975B471-873E-40FA-A6B2-0208E8A96B87}"
EndProject
Project("{FAE04EC0-301F-11D3-BF4B-00C04F79EFBC}") = "Integral2uInventoryContracts", "Integral2uInventoryContracts\Integral2uInventoryContracts.csproj", "{C5E30CDB-D001-40AD-A791-933D42381CFE}"
EndProject
Project("{FAE04EC0-301F-11D3-BF4B-00C04F79EFBC}") = "Integral2uCommon", "Integral2uCommon\Integral2uCommon.csproj", "{211E5BDC-9FB5-4EDA-B92D-C9B41EBB9AA1}"
EndProject
Global
	GlobalSection(SolutionConfigurationPlatforms) = preSolution
		Debug|Any CPU = Debug|Any CPU
		Release|Any CPU = Release|Any CPU
	EndGlobalSection
	GlobalSection(ProjectConfigurationPlatforms) = postSolution
		{5886187A-414B-4E9C-B931-9E340F847ACE}.Debug|Any CPU.ActiveCfg = Debug|Any CPU
		{5886187A-414B-4E9C-B931-9E340F847ACE}.Debug|Any CPU.Build.0 = Debug|Any CPU
		{5886187A-414B-4E9C-B931-9E340F847ACE}.Release|Any CPU.ActiveCfg = Release|Any CPU
		{5886187A-414B-4E9C-B931-9E340F847ACE}.Release|Any CPU.Build.0 = Release|Any CPU
		{1975B471-873E-40FA-A6B2-0208E8A96B87}.Debug|Any CPU.ActiveCfg = Debug|Any CPU
		{1975B471-873E-40FA-A6B2-0208E8A96B87}.Debug|Any CPU.Build.0 = Debug|Any CPU
		{1975B471-873E-40FA-A6B2-0208E8A96B87}.Release|Any CPU.ActiveCfg = Release|Any CPU
		{1975B471-873E-40FA-A6B2-0208E8A96B87}.Release|Any CPU.Build.0 = Release|Any CPU
		{C5E30CDB-D001-40AD-A791-933D42381CFE}.Debug|Any CPU.ActiveCfg = Debug|Any CPU
		{C5E30CDB-D001-40AD-A791-933D42381CFE}.Debug|Any CPU.Build.0 = Debug|Any CPU
		{C5E30CDB-D001-40AD-A791-933D42381CFE}.Release|Any CPU.ActiveCfg = Release|Any CPU
		{C5E30CDB-D001-40AD-A791-933D42381CFE}.Release|Any CPU.Build.0 = Release|Any CPU
		{211E5BDC-9FB5-4EDA-B92D-C9B41EBB9AA1}.Debug|Any CPU.ActiveCfg = Debug|Any CPU
		{211E5BDC-9FB5-4EDA-B92D-C9B41EBB9AA1}.Debug|Any CPU.Build.0 = Debug|Any CPU
		{211E5BDC-9FB5-4EDA-B92D-C9B41EBB9AA1}.Release|Any CPU.ActiveCfg = Release|Any CPU
		{211E5BDC-9FB5-4EDA-B92D-C9B41EBB9AA1}.Release|Any CPU.Build.0 = Release|Any CPU
	EndGlobalSection
	GlobalSection(SolutionProperties) = preSolution
		HideSolutionNode = FALSE
	EndGlobalSection
	GlobalSection(ExtensibilityGlobals) = postSolution
		SolutionGuid = {97A50A74-2737-4389-AD7D-6B6022E81170}
	EndGlobalSection
EndGlobal
